// !$*UTF8*$!
{
	archiveVersion = 1;
	classes = {
	};
	objectVersion = 46;
	objects = {

/* Begin PBXBuildFile section */
		B2A080A34EC6A503638D5417 /* Pods_SocialApp.framework in Frameworks */ = {isa = PBXBuildFile; fileRef = 0AE1C994B07E9EFBE2E57D0B /* Pods_SocialApp.framework */; };
		BB3F5F141E6F57E2000657B6 /* AppDelegate.swift in Sources */ = {isa = PBXBuildFile; fileRef = BB3F5F131E6F57E2000657B6 /* AppDelegate.swift */; };
		BB3F5F161E6F57E2000657B6 /* SignInVC.swift in Sources */ = {isa = PBXBuildFile; fileRef = BB3F5F151E6F57E2000657B6 /* SignInVC.swift */; };
		BB3F5F191E6F57E2000657B6 /* Main.storyboard in Resources */ = {isa = PBXBuildFile; fileRef = BB3F5F171E6F57E2000657B6 /* Main.storyboard */; };
		BB3F5F1B1E6F57E2000657B6 /* Assets.xcassets in Resources */ = {isa = PBXBuildFile; fileRef = BB3F5F1A1E6F57E2000657B6 /* Assets.xcassets */; };
		BB3F5F1E1E6F57E2000657B6 /* LaunchScreen.storyboard in Resources */ = {isa = PBXBuildFile; fileRef = BB3F5F1C1E6F57E2000657B6 /* LaunchScreen.storyboard */; };
		BB3F5F261E6F591C000657B6 /* GoogleService-Info.plist in Resources */ = {isa = PBXBuildFile; fileRef = BB3F5F251E6F591C000657B6 /* GoogleService-Info.plist */; };
		BB3F5F2C1E70A7EA000657B6 /* FancyVIew.swift in Sources */ = {isa = PBXBuildFile; fileRef = BB3F5F2B1E70A7EA000657B6 /* FancyVIew.swift */; };
		BB3F5F2F1E70A94D000657B6 /* Constants.swift in Sources */ = {isa = PBXBuildFile; fileRef = BB3F5F2E1E70A94D000657B6 /* Constants.swift */; };
		BB3F5F311E70ABBD000657B6 /* RoundButton.swift in Sources */ = {isa = PBXBuildFile; fileRef = BB3F5F301E70ABBD000657B6 /* RoundButton.swift */; };
		BB3F5F331E70B08F000657B6 /* FancyField.swift in Sources */ = {isa = PBXBuildFile; fileRef = BB3F5F321E70B08F000657B6 /* FancyField.swift */; };
		BB3F5F351E70B215000657B6 /* FancyButton.swift in Sources */ = {isa = PBXBuildFile; fileRef = BB3F5F341E70B215000657B6 /* FancyButton.swift */; };
		BB3F5F381E71EB68000657B6 /* FeedVC.swift in Sources */ = {isa = PBXBuildFile; fileRef = BB3F5F371E71EB68000657B6 /* FeedVC.swift */; };
		BB3F5F3A1E72513A000657B6 /* CircleView.swift in Sources */ = {isa = PBXBuildFile; fileRef = BB3F5F391E72513A000657B6 /* CircleView.swift */; };
		BB3F5F3C1E739D92000657B6 /* PostCell.swift in Sources */ = {isa = PBXBuildFile; fileRef = BB3F5F3B1E739D92000657B6 /* PostCell.swift */; };
		BB47B04B1E758C6600C6FDF3 /* DataService.swift in Sources */ = {isa = PBXBuildFile; fileRef = BB47B04A1E758C6600C6FDF3 /* DataService.swift */; };
/* End PBXBuildFile section */

/* Begin PBXFileReference section */
		0AE1C994B07E9EFBE2E57D0B /* Pods_SocialApp.framework */ = {isa = PBXFileReference; explicitFileType = wrapper.framework; includeInIndex = 0; path = Pods_SocialApp.framework; sourceTree = BUILT_PRODUCTS_DIR; };
		0CE77881A4A4A33DBC5C8665 /* Pods-SocialApp.release.xcconfig */ = {isa = PBXFileReference; includeInIndex = 1; lastKnownFileType = text.xcconfig; name = "Pods-SocialApp.release.xcconfig"; path = "Pods/Target Support Files/Pods-SocialApp/Pods-SocialApp.release.xcconfig"; sourceTree = "<group>"; };
		BB3F5F101E6F57E2000657B6 /* SocialApp.app */ = {isa = PBXFileReference; explicitFileType = wrapper.application; includeInIndex = 0; path = SocialApp.app; sourceTree = BUILT_PRODUCTS_DIR; };
		BB3F5F131E6F57E2000657B6 /* AppDelegate.swift */ = {isa = PBXFileReference; lastKnownFileType = sourcecode.swift; path = AppDelegate.swift; sourceTree = "<group>"; };
		BB3F5F151E6F57E2000657B6 /* SignInVC.swift */ = {isa = PBXFileReference; lastKnownFileType = sourcecode.swift; path = SignInVC.swift; sourceTree = "<group>"; };
		BB3F5F181E6F57E2000657B6 /* Base */ = {isa = PBXFileReference; lastKnownFileType = file.storyboard; name = Base; path = Base.lproj/Main.storyboard; sourceTree = "<group>"; };
		BB3F5F1A1E6F57E2000657B6 /* Assets.xcassets */ = {isa = PBXFileReference; lastKnownFileType = folder.assetcatalog; path = Assets.xcassets; sourceTree = "<group>"; };
		BB3F5F1D1E6F57E2000657B6 /* Base */ = {isa = PBXFileReference; lastKnownFileType = file.storyboard; name = Base; path = Base.lproj/LaunchScreen.storyboard; sourceTree = "<group>"; };
		BB3F5F1F1E6F57E2000657B6 /* Info.plist */ = {isa = PBXFileReference; lastKnownFileType = text.plist.xml; path = Info.plist; sourceTree = "<group>"; };
		BB3F5F251E6F591C000657B6 /* GoogleService-Info.plist */ = {isa = PBXFileReference; fileEncoding = 4; lastKnownFileType = text.plist.xml; path = "GoogleService-Info.plist"; sourceTree = "<group>"; };
		BB3F5F2B1E70A7EA000657B6 /* FancyVIew.swift */ = {isa = PBXFileReference; fileEncoding = 4; lastKnownFileType = sourcecode.swift; path = FancyVIew.swift; sourceTree = "<group>"; };
		BB3F5F2E1E70A94D000657B6 /* Constants.swift */ = {isa = PBXFileReference; fileEncoding = 4; lastKnownFileType = sourcecode.swift; path = Constants.swift; sourceTree = "<group>"; };
		BB3F5F301E70ABBD000657B6 /* RoundButton.swift */ = {isa = PBXFileReference; fileEncoding = 4; lastKnownFileType = sourcecode.swift; path = RoundButton.swift; sourceTree = "<group>"; };
		BB3F5F321E70B08F000657B6 /* FancyField.swift */ = {isa = PBXFileReference; fileEncoding = 4; lastKnownFileType = sourcecode.swift; path = FancyField.swift; sourceTree = "<group>"; };
		BB3F5F341E70B215000657B6 /* FancyButton.swift */ = {isa = PBXFileReference; fileEncoding = 4; lastKnownFileType = sourcecode.swift; path = FancyButton.swift; sourceTree = "<group>"; };
		BB3F5F361E71AC2B000657B6 /* SocialApp.entitlements */ = {isa = PBXFileReference; lastKnownFileType = text.plist.entitlements; path = SocialApp.entitlements; sourceTree = "<group>"; };
		BB3F5F371E71EB68000657B6 /* FeedVC.swift */ = {isa = PBXFileReference; fileEncoding = 4; lastKnownFileType = sourcecode.swift; path = FeedVC.swift; sourceTree = "<group>"; };
		BB3F5F391E72513A000657B6 /* CircleView.swift */ = {isa = PBXFileReference; fileEncoding = 4; lastKnownFileType = sourcecode.swift; path = CircleView.swift; sourceTree = "<group>"; };
		BB3F5F3B1E739D92000657B6 /* PostCell.swift */ = {isa = PBXFileReference; fileEncoding = 4; lastKnownFileType = sourcecode.swift; path = PostCell.swift; sourceTree = "<group>"; };
		BB47B04A1E758C6600C6FDF3 /* DataService.swift */ = {isa = PBXFileReference; fileEncoding = 4; lastKnownFileType = sourcecode.swift; path = DataService.swift; sourceTree = "<group>"; };
		FF77F88F2BB3F8DB8D0A5556 /* Pods-SocialApp.debug.xcconfig */ = {isa = PBXFileReference; includeInIndex = 1; lastKnownFileType = text.xcconfig; name = "Pods-SocialApp.debug.xcconfig"; path = "Pods/Target Support Files/Pods-SocialApp/Pods-SocialApp.debug.xcconfig"; sourceTree = "<group>"; };
/* End PBXFileReference section */

/* Begin PBXFrameworksBuildPhase section */
		BB3F5F0D1E6F57E2000657B6 /* Frameworks */ = {
			isa = PBXFrameworksBuildPhase;
			buildActionMask = 2147483647;
			files = (
				B2A080A34EC6A503638D5417 /* Pods_SocialApp.framework in Frameworks */,
			);
			runOnlyForDeploymentPostprocessing = 0;
		};
/* End PBXFrameworksBuildPhase section */

/* Begin PBXGroup section */
		1C97D5516C0BFFA8D62C74FD /* Frameworks */ = {
			isa = PBXGroup;
			children = (
				0AE1C994B07E9EFBE2E57D0B /* Pods_SocialApp.framework */,
			);
			name = Frameworks;
			sourceTree = "<group>";
		};
		BB3F5F071E6F57E2000657B6 = {
			isa = PBXGroup;
			children = (
				BB3F5F121E6F57E2000657B6 /* SocialApp */,
				BB3F5F111E6F57E2000657B6 /* Products */,
				F859578F6A83A1454D209634 /* Pods */,
				1C97D5516C0BFFA8D62C74FD /* Frameworks */,
			);
			sourceTree = "<group>";
		};
		BB3F5F111E6F57E2000657B6 /* Products */ = {
			isa = PBXGroup;
			children = (
				BB3F5F101E6F57E2000657B6 /* SocialApp.app */,
			);
			name = Products;
			sourceTree = "<group>";
		};
		BB3F5F121E6F57E2000657B6 /* SocialApp */ = {
			isa = PBXGroup;
			children = (
				BB47B0491E758C3A00C6FDF3 /* Services */,
				BB3F5F361E71AC2B000657B6 /* SocialApp.entitlements */,
				BB3F5F2D1E70A931000657B6 /* Util */,
				BB3F5F2A1E6F5D76000657B6 /* Resources */,
				BB3F5F291E6F5D0F000657B6 /* Model */,
				BB3F5F281E6F5D08000657B6 /* View */,
				BB3F5F271E6F5CFC000657B6 /* Controller */,
				BB3F5F131E6F57E2000657B6 /* AppDelegate.swift */,
				BB3F5F171E6F57E2000657B6 /* Main.storyboard */,
				BB3F5F1A1E6F57E2000657B6 /* Assets.xcassets */,
				BB3F5F1C1E6F57E2000657B6 /* LaunchScreen.storyboard */,
				BB3F5F1F1E6F57E2000657B6 /* Info.plist */,
				BB3F5F251E6F591C000657B6 /* GoogleService-Info.plist */,
			);
			path = SocialApp;
			sourceTree = "<group>";
		};
		BB3F5F271E6F5CFC000657B6 /* Controller */ = {
			isa = PBXGroup;
			children = (
				BB3F5F151E6F57E2000657B6 /* SignInVC.swift */,
				BB3F5F371E71EB68000657B6 /* FeedVC.swift */,
			);
			name = Controller;
			sourceTree = "<group>";
		};
		BB3F5F281E6F5D08000657B6 /* View */ = {
			isa = PBXGroup;
			children = (
				BB3F5F2B1E70A7EA000657B6 /* FancyVIew.swift */,
				BB3F5F301E70ABBD000657B6 /* RoundButton.swift */,
				BB3F5F321E70B08F000657B6 /* FancyField.swift */,
				BB3F5F341E70B215000657B6 /* FancyButton.swift */,
				BB3F5F391E72513A000657B6 /* CircleView.swift */,
				BB3F5F3B1E739D92000657B6 /* PostCell.swift */,
			);
			name = View;
			sourceTree = "<group>";
		};
		BB3F5F291E6F5D0F000657B6 /* Model */ = {
			isa = PBXGroup;
			children = (
			);
			name = Model;
			sourceTree = "<group>";
		};
		BB3F5F2A1E6F5D76000657B6 /* Resources */ = {
			isa = PBXGroup;
			children = (
			);
			name = Resources;
			sourceTree = "<group>";
		};
		BB3F5F2D1E70A931000657B6 /* Util */ = {
			isa = PBXGroup;
			children = (
				BB3F5F2E1E70A94D000657B6 /* Constants.swift */,
			);
			name = Util;
			sourceTree = "<group>";
		};
		BB47B0491E758C3A00C6FDF3 /* Services */ = {
			isa = PBXGroup;
			children = (
				BB47B04A1E758C6600C6FDF3 /* DataService.swift */,
			);
			name = Services;
			sourceTree = "<group>";
		};
		F859578F6A83A1454D209634 /* Pods */ = {
			isa = PBXGroup;
			children = (
				FF77F88F2BB3F8DB8D0A5556 /* Pods-SocialApp.debug.xcconfig */,
				0CE77881A4A4A33DBC5C8665 /* Pods-SocialApp.release.xcconfig */,
			);
			name = Pods;
			sourceTree = "<group>";
		};
/* End PBXGroup section */

/* Begin PBXNativeTarget section */
		BB3F5F0F1E6F57E2000657B6 /* SocialApp */ = {
			isa = PBXNativeTarget;
			buildConfigurationList = BB3F5F221E6F57E2000657B6 /* Build configuration list for PBXNativeTarget "SocialApp" */;
			buildPhases = (
				5656C6A80340E1152C53B231 /* [CP] Check Pods Manifest.lock */,
				BB3F5F0C1E6F57E2000657B6 /* Sources */,
				BB3F5F0D1E6F57E2000657B6 /* Frameworks */,
				BB3F5F0E1E6F57E2000657B6 /* Resources */,
				81A232E29B4862DC5410D0C2 /* [CP] Embed Pods Frameworks */,
				F7A28ABA25A71D480A121E71 /* [CP] Copy Pods Resources */,
			);
			buildRules = (
			);
			dependencies = (
			);
			name = SocialApp;
			productName = SocialApp;
			productReference = BB3F5F101E6F57E2000657B6 /* SocialApp.app */;
			productType = "com.apple.product-type.application";
		};
/* End PBXNativeTarget section */

/* Begin PBXProject section */
		BB3F5F081E6F57E2000657B6 /* Project object */ = {
			isa = PBXProject;
			attributes = {
				LastSwiftUpdateCheck = 0820;
				LastUpgradeCheck = 0820;
				ORGANIZATIONNAME = "Alfredo M";
				TargetAttributes = {
					BB3F5F0F1E6F57E2000657B6 = {
						CreatedOnToolsVersion = 8.2.1;
						DevelopmentTeam = 657SX83TSQ;
						ProvisioningStyle = Automatic;
						SystemCapabilities = {
							com.apple.Keychain = {
								enabled = 0;
							};
						};
					};
				};
			};
			buildConfigurationList = BB3F5F0B1E6F57E2000657B6 /* Build configuration list for PBXProject "SocialApp" */;
			compatibilityVersion = "Xcode 3.2";
			developmentRegion = English;
			hasScannedForEncodings = 0;
			knownRegions = (
				en,
				Base,
			);
			mainGroup = BB3F5F071E6F57E2000657B6;
			productRefGroup = BB3F5F111E6F57E2000657B6 /* Products */;
			projectDirPath = "";
			projectRoot = "";
			targets = (
				BB3F5F0F1E6F57E2000657B6 /* SocialApp */,
			);
		};
/* End PBXProject section */

/* Begin PBXResourcesBuildPhase section */
		BB3F5F0E1E6F57E2000657B6 /* Resources */ = {
			isa = PBXResourcesBuildPhase;
			buildActionMask = 2147483647;
			files = (
				BB3F5F1E1E6F57E2000657B6 /* LaunchScreen.storyboard in Resources */,
				BB3F5F261E6F591C000657B6 /* GoogleService-Info.plist in Resources */,
				BB3F5F1B1E6F57E2000657B6 /* Assets.xcassets in Resources */,
				BB3F5F191E6F57E2000657B6 /* Main.storyboard in Resources */,
			);
			runOnlyForDeploymentPostprocessing = 0;
		};
/* End PBXResourcesBuildPhase section */

/* Begin PBXShellScriptBuildPhase section */
		5656C6A80340E1152C53B231 /* [CP] Check Pods Manifest.lock */ = {
			isa = PBXShellScriptBuildPhase;
			buildActionMask = 2147483647;
			files = (
			);
			inputPaths = (
			);
			name = "[CP] Check Pods Manifest.lock";
			outputPaths = (
			);
			runOnlyForDeploymentPostprocessing = 0;
			shellPath = /bin/sh;
			shellScript = "diff \"${PODS_ROOT}/../Podfile.lock\" \"${PODS_ROOT}/Manifest.lock\" > /dev/null\nif [ $? != 0 ] ; then\n    # print error to STDERR\n    echo \"error: The sandbox is not in sync with the Podfile.lock. Run 'pod install' or update your CocoaPods installation.\" >&2\n    exit 1\nfi\n";
			showEnvVarsInLog = 0;
		};
		81A232E29B4862DC5410D0C2 /* [CP] Embed Pods Frameworks */ = {
			isa = PBXShellScriptBuildPhase;
			buildActionMask = 2147483647;
			files = (
			);
			inputPaths = (
			);
			name = "[CP] Embed Pods Frameworks";
			outputPaths = (
			);
			runOnlyForDeploymentPostprocessing = 0;
			shellPath = /bin/sh;
			shellScript = "\"${SRCROOT}/Pods/Target Support Files/Pods-SocialApp/Pods-SocialApp-frameworks.sh\"\n";
			showEnvVarsInLog = 0;
		};
		F7A28ABA25A71D480A121E71 /* [CP] Copy Pods Resources */ = {
			isa = PBXShellScriptBuildPhase;
			buildActionMask = 2147483647;
			files = (
			);
			inputPaths = (
			);
			name = "[CP] Copy Pods Resources";
			outputPaths = (
			);
			runOnlyForDeploymentPostprocessing = 0;
			shellPath = /bin/sh;
			shellScript = "\"${SRCROOT}/Pods/Target Support Files/Pods-SocialApp/Pods-SocialApp-resources.sh\"\n";
			showEnvVarsInLog = 0;
		};
/* End PBXShellScriptBuildPhase section */

/* Begin PBXSourcesBuildPhase section */
		BB3F5F0C1E6F57E2000657B6 /* Sources */ = {
			isa = PBXSourcesBuildPhase;
			buildActionMask = 2147483647;
			files = (
				BB3F5F3A1E72513A000657B6 /* CircleView.swift in Sources */,
				BB3F5F331E70B08F000657B6 /* FancyField.swift in Sources */,
				BB3F5F161E6F57E2000657B6 /* SignInVC.swift in Sources */,
				BB3F5F311E70ABBD000657B6 /* RoundButton.swift in Sources */,
				BB3F5F351E70B215000657B6 /* FancyButton.swift in Sources */,
				BB47B04B1E758C6600C6FDF3 /* DataService.swift in Sources */,
				BB3F5F381E71EB68000657B6 /* FeedVC.swift in Sources */,
				BB3F5F141E6F57E2000657B6 /* AppDelegate.swift in Sources */,
				BB3F5F2C1E70A7EA000657B6 /* FancyVIew.swift in Sources */,
				BB3F5F2F1E70A94D000657B6 /* Constants.swift in Sources */,
				BB3F5F3C1E739D92000657B6 /* PostCell.swift in Sources */,
			);
			runOnlyForDeploymentPostprocessing = 0;
		};
/* End PBXSourcesBuildPhase section */

/* Begin PBXVariantGroup section */
		BB3F5F171E6F57E2000657B6 /* Main.storyboard */ = {
			isa = PBXVariantGroup;
			children = (
				BB3F5F181E6F57E2000657B6 /* Base */,
			);
			name = Main.storyboard;
			sourceTree = "<group>";
		};
		BB3F5F1C1E6F57E2000657B6 /* LaunchScreen.storyboard */ = {
			isa = PBXVariantGroup;
			children = (
				BB3F5F1D1E6F57E2000657B6 /* Base */,
			);
			name = LaunchScreen.storyboard;
			sourceTree = "<group>";
		};
/* End PBXVariantGroup section */

/* Begin XCBuildConfiguration section */
		BB3F5F201E6F57E2000657B6 /* Debug */ = {
			isa = XCBuildConfiguration;
			buildSettings = {
				ALWAYS_SEARCH_USER_PATHS = NO;
				CLANG_ANALYZER_NONNULL = YES;
				CLANG_CXX_LANGUAGE_STANDARD = "gnu++0x";
				CLANG_CXX_LIBRARY = "libc++";
				CLANG_ENABLE_MODULES = YES;
				CLANG_ENABLE_OBJC_ARC = YES;
				CLANG_WARN_BOOL_CONVERSION = YES;
				CLANG_WARN_CONSTANT_CONVERSION = YES;
				CLANG_WARN_DIRECT_OBJC_ISA_USAGE = YES_ERROR;
				CLANG_WARN_DOCUMENTATION_COMMENTS = YES;
				CLANG_WARN_EMPTY_BODY = YES;
				CLANG_WARN_ENUM_CONVERSION = YES;
				CLANG_WARN_INFINITE_RECURSION = YES;
				CLANG_WARN_INT_CONVERSION = YES;
				CLANG_WARN_OBJC_ROOT_CLASS = YES_ERROR;
				CLANG_WARN_SUSPICIOUS_MOVE = YES;
				CLANG_WARN_UNREACHABLE_CODE = YES;
				CLANG_WARN__DUPLICATE_METHOD_MATCH = YES;
				"CODE_SIGN_IDENTITY[sdk=iphoneos*]" = "iPhone Developer";
				COPY_PHASE_STRIP = NO;
				DEBUG_INFORMATION_FORMAT = dwarf;
				ENABLE_STRICT_OBJC_MSGSEND = YES;
				ENABLE_TESTABILITY = YES;
				GCC_C_LANGUAGE_STANDARD = gnu99;
				GCC_DYNAMIC_NO_PIC = NO;
				GCC_NO_COMMON_BLOCKS = YES;
				GCC_OPTIMIZATION_LEVEL = 0;
				GCC_PREPROCESSOR_DEFINITIONS = (
					"DEBUG=1",
					"$(inherited)",
				);
				GCC_WARN_64_TO_32_BIT_CONVERSION = YES;
				GCC_WARN_ABOUT_RETURN_TYPE = YES_ERROR;
				GCC_WARN_UNDECLARED_SELECTOR = YES;
				GCC_WARN_UNINITIALIZED_AUTOS = YES_AGGRESSIVE;
				GCC_WARN_UNUSED_FUNCTION = YES;
				GCC_WARN_UNUSED_VARIABLE = YES;
				IPHONEOS_DEPLOYMENT_TARGET = 10.2;
				MTL_ENABLE_DEBUG_INFO = YES;
				ONLY_ACTIVE_ARCH = YES;
				SDKROOT = iphoneos;
				SWIFT_ACTIVE_COMPILATION_CONDITIONS = DEBUG;
				SWIFT_OPTIMIZATION_LEVEL = "-Onone";
				TARGETED_DEVICE_FAMILY = "1,2";
			};
			name = Debug;
		};
		BB3F5F211E6F57E2000657B6 /* Release */ = {
			isa = XCBuildConfiguration;
			buildSettings = {
				ALWAYS_SEARCH_USER_PATHS = NO;
				CLANG_ANALYZER_NONNULL = YES;
				CLANG_CXX_LANGUAGE_STANDARD = "gnu++0x";
				CLANG_CXX_LIBRARY = "libc++";
				CLANG_ENABLE_MODULES = YES;
				CLANG_ENABLE_OBJC_ARC = YES;
				CLANG_WARN_BOOL_CONVERSION = YES;
				CLANG_WARN_CONSTANT_CONVERSION = YES;
				CLANG_WARN_DIRECT_OBJC_ISA_USAGE = YES_ERROR;
				CLANG_WARN_DOCUMENTATION_COMMENTS = YES;
				CLANG_WARN_EMPTY_BODY = YES;
				CLANG_WARN_ENUM_CONVERSION = YES;
				CLANG_WARN_INFINITE_RECURSION = YES;
				CLANG_WARN_INT_CONVERSION = YES;
				CLANG_WARN_OBJC_ROOT_CLASS = YES_ERROR;
				CLANG_WARN_SUSPICIOUS_MOVE = YES;
				CLANG_WARN_UNREACHABLE_CODE = YES;
				CLANG_WARN__DUPLICATE_METHOD_MATCH = YES;
				"CODE_SIGN_IDENTITY[sdk=iphoneos*]" = "iPhone Developer";
				COPY_PHASE_STRIP = NO;
				DEBUG_INFORMATION_FORMAT = "dwarf-with-dsym";
				ENABLE_NS_ASSERTIONS = NO;
				ENABLE_STRICT_OBJC_MSGSEND = YES;
				GCC_C_LANGUAGE_STANDARD = gnu99;
				GCC_NO_COMMON_BLOCKS = YES;
				GCC_WARN_64_TO_32_BIT_CONVERSION = YES;
				GCC_WARN_ABOUT_RETURN_TYPE = YES_ERROR;
				GCC_WARN_UNDECLARED_SELECTOR = YES;
				GCC_WARN_UNINITIALIZED_AUTOS = YES_AGGRESSIVE;
				GCC_WARN_UNUSED_FUNCTION = YES;
				GCC_WARN_UNUSED_VARIABLE = YES;
				IPHONEOS_DEPLOYMENT_TARGET = 10.2;
				MTL_ENABLE_DEBUG_INFO = NO;
				SDKROOT = iphoneos;
				SWIFT_OPTIMIZATION_LEVEL = "-Owholemodule";
				TARGETED_DEVICE_FAMILY = "1,2";
				VALIDATE_PRODUCT = YES;
			};
			name = Release;
		};
		BB3F5F231E6F57E2000657B6 /* Debug */ = {
			isa = XCBuildConfiguration;
			baseConfigurationReference = FF77F88F2BB3F8DB8D0A5556 /* Pods-SocialApp.debug.xcconfig */;
			buildSettings = {
				ASSETCATALOG_COMPILER_APPICON_NAME = AppIcon;
				DEVELOPMENT_TEAM = 657SX83TSQ;
				INFOPLIST_FILE = SocialApp/Info.plist;
				LD_RUNPATH_SEARCH_PATHS = "$(inherited) @executable_path/Frameworks";
				PRODUCT_BUNDLE_IDENTIFIER = com.AlfredoM.SocialApp;
				PRODUCT_NAME = "$(TARGET_NAME)";
				SWIFT_VERSION = 3.0;
			};
			name = Debug;
		};
		BB3F5F241E6F57E2000657B6 /* Release */ = {
			isa = XCBuildConfiguration;
			baseConfigurationReference = 0CE77881A4A4A33DBC5C8665 /* Pods-SocialApp.release.xcconfig */;
			buildSettings = {
				ASSETCATALOG_COMPILER_APPICON_NAME = AppIcon;
				DEVELOPMENT_TEAM = 657SX83TSQ;
				INFOPLIST_FILE = SocialApp/Info.plist;
				LD_RUNPATH_SEARCH_PATHS = "$(inherited) @executable_path/Frameworks";
				PRODUCT_BUNDLE_IDENTIFIER = com.AlfredoM.SocialApp;
				PRODUCT_NAME = "$(TARGET_NAME)";
				SWIFT_VERSION = 3.0;
			};
			name = Release;
		};
/* End XCBuildConfiguration section */

/* Begin XCConfigurationList section */
		BB3F5F0B1E6F57E2000657B6 /* Build configuration list for PBXProject "SocialApp" */ = {
			isa = XCConfigurationList;
			buildConfigurations = (
				BB3F5F201E6F57E2000657B6 /* Debug */,
				BB3F5F211E6F57E2000657B6 /* Release */,
			);
			defaultConfigurationIsVisible = 0;
			defaultConfigurationName = Release;
		};
		BB3F5F221E6F57E2000657B6 /* Build configuration list for PBXNativeTarget "SocialApp" */ = {
			isa = XCConfigurationList;
			buildConfigurations = (
				BB3F5F231E6F57E2000657B6 /* Debug */,
				BB3F5F241E6F57E2000657B6 /* Release */,
			);
			defaultConfigurationIsVisible = 0;
			defaultConfigurationName = Release;
		};
/* End XCConfigurationList section */
	};
	rootObject = BB3F5F081E6F57E2000657B6 /* Project object */;
}
